// !$*UTF8*$!
{
	archiveVersion = 1;
	classes = {
	};
	objectVersion = 46;
	objects = {

/* Begin PBXBuildFile section */
		286BE3B21CF4183F00F69E0A /* AppDelegate.swift in Sources */ = {isa = PBXBuildFile; fileRef = 286BE3B11CF4183F00F69E0A /* AppDelegate.swift */; };
		286BE3B41CF4183F00F69E0A /* ViewController.swift in Sources */ = {isa = PBXBuildFile; fileRef = 286BE3B31CF4183F00F69E0A /* ViewController.swift */; };
		286BE3B71CF4183F00F69E0A /* Main.storyboard in Resources */ = {isa = PBXBuildFile; fileRef = 286BE3B51CF4183F00F69E0A /* Main.storyboard */; };
		286BE3B91CF4183F00F69E0A /* Assets.xcassets in Resources */ = {isa = PBXBuildFile; fileRef = 286BE3B81CF4183F00F69E0A /* Assets.xcassets */; };
		286BE3BC1CF4183F00F69E0A /* LaunchScreen.storyboard in Resources */ = {isa = PBXBuildFile; fileRef = 286BE3BA1CF4183F00F69E0A /* LaunchScreen.storyboard */; };
/* End PBXBuildFile section */

/* Begin PBXFileReference section */
		286BE3AE1CF4183F00F69E0A /* TestSwift01.app */ = {isa = PBXFileReference; explicitFileType = wrapper.application; includeInIndex = 0; path = TestSwift01.app; sourceTree = BUILT_PRODUCTS_DIR; };
		286BE3B11CF4183F00F69E0A /* AppDelegate.swift */ = {isa = PBXFileReference; lastKnownFileType = sourcecode.swift; path = AppDelegate.swift; sourceTree = "<group>"; };
		286BE3B31CF4183F00F69E0A /* ViewController.swift */ = {isa = PBXFileReference; lastKnownFileType = sourcecode.swift; path = ViewController.swift; sourceTree = "<group>"; };
		286BE3B61CF4183F00F69E0A /* Base */ = {isa = PBXFileReference; lastKnownFileType = file.storyboard; name = Base; path = Base.lproj/Main.storyboard; sourceTree = "<group>"; };
		286BE3B81CF4183F00F69E0A /* Assets.xcassets */ = {isa = PBXFileReference; lastKnownFileType = folder.assetcatalog; path = Assets.xcassets; sourceTree = "<group>"; };
		286BE3BB1CF4183F00F69E0A /* Base */ = {isa = PBXFileReference; lastKnownFileType = file.storyboard; name = Base; path = Base.lproj/LaunchScreen.storyboard; sourceTree = "<group>"; };
		286BE3BD1CF4183F00F69E0A /* Info.plist */ = {isa = PBXFileReference; lastKnownFileType = text.plist.xml; path = Info.plist; sourceTree = "<group>"; };
/* End PBXFileReference section */

/* Begin PBXFrameworksBuildPhase section */
		286BE3AB1CF4183F00F69E0A /* Frameworks */ = {
			isa = PBXFrameworksBuildPhase;
			buildActionMask = 2147483647;
			files = (
			);
			runOnlyForDeploymentPostprocessing = 0;
		};
/* End PBXFrameworksBuildPhase section */

/* Begin PBXGroup section */
		286BE3A51CF4183F00F69E0A = {
			isa = PBXGroup;
			children = (
				286BE3B01CF4183F00F69E0A /* TestSwift01 */,
				286BE3AF1CF4183F00F69E0A /* Products */,
			);
			sourceTree = "<group>";
		};
		286BE3AF1CF4183F00F69E0A /* Products */ = {
			isa = PBXGroup;
			children = (
				286BE3AE1CF4183F00F69E0A /* TestSwift01.app */,
			);
			name = Products;
			sourceTree = "<group>";
		};
		286BE3B01CF4183F00F69E0A /* TestSwift01 */ = {
			isa = PBXGroup;
			children = (
				286BE3B11CF4183F00F69E0A /* AppDelegate.swift */,
				286BE3B31CF4183F00F69E0A /* ViewController.swift */,
				286BE3B51CF4183F00F69E0A /* Main.storyboard */,
				286BE3B81CF4183F00F69E0A /* Assets.xcassets */,
				286BE3BA1CF4183F00F69E0A /* LaunchScreen.storyboard */,
				286BE3BD1CF4183F00F69E0A /* Info.plist */,
			);
			path = TestSwift01;
			sourceTree = "<group>";
		};
/* End PBXGroup section */

/* Begin PBXNativeTarget section */
		286BE3AD1CF4183F00F69E0A /* TestSwift01 */ = {
			isa = PBXNativeTarget;
			buildConfigurationList = 286BE3C01CF4183F00F69E0A /* Build configuration list for PBXNativeTarget "TestSwift01" */;
			buildPhases = (
				286BE3AA1CF4183F00F69E0A /* Sources */,
				286BE3AB1CF4183F00F69E0A /* Frameworks */,
				286BE3AC1CF4183F00F69E0A /* Resources */,
			);
			buildRules = (
			);
			dependencies = (
			);
			name = TestSwift01;
			productName = TestSwift01;
			productReference = 286BE3AE1CF4183F00F69E0A /* TestSwift01.app */;
			productType = "com.apple.product-type.application";
		};
/* End PBXNativeTarget section */

/* Begin PBXProject section */
		286BE3A61CF4183F00F69E0A /* Project object */ = {
			isa = PBXProject;
			attributes = {
				LastSwiftUpdateCheck = 0730;
				LastUpgradeCheck = 0730;
				ORGANIZATIONNAME = "Super Fun";
				TargetAttributes = {
					286BE3AD1CF4183F00F69E0A = {
						CreatedOnToolsVersion = 7.3;
					};
				};
			};
			buildConfigurationList = 286BE3A91CF4183F00F69E0A /* Build configuration list for PBXProject "TestSwift01" */;
			compatibilityVersion = "Xcode 3.2";
			developmentRegion = English;
			hasScannedForEncodings = 0;
			knownRegions = (
				en,
				Base,
			);
			mainGroup = 286BE3A51CF4183F00F69E0A;
			productRefGroup = 286BE3AF1CF4183F00F69E0A /* Products */;
			projectDirPath = "";
			projectRoot = "";
			targets = (
				286BE3AD1CF4183F00F69E0A /* TestSwift01 */,
			);
		};
/* End PBXProject section */

/* Begin PBXResourcesBuildPhase section */
		286BE3AC1CF4183F00F69E0A /* Resources */ = {
			isa = PBXResourcesBuildPhase;
			buildActionMask = 2147483647;
			files = (
				286BE3BC1CF4183F00F69E0A /* LaunchScreen.storyboard in Resources */,
				286BE3B91CF4183F00F69E0A /* Assets.xcassets in Resources */,
				286BE3B71CF4183F00F69E0A /* Main.storyboard in Resources */,
			);
			runOnlyForDeploymentPostprocessing = 0;
		};
/* End PBXResourcesBuildPhase section */

/* Begin PBXSourcesBuildPhase section */
		286BE3AA1CF4183F00F69E0A /* Sources */ = {
			isa = PBXSourcesBuildPhase;
			buildActionMask = 2147483647;
			files = (
				286BE3B41CF4183F00F69E0A /* ViewController.swift in Sources */,
				286BE3B21CF4183F00F69E0A /* AppDelegate.swift in Sources */,
			);
			runOnlyForDeploymentPostprocessing = 0;
		};
/* End PBXSourcesBuildPhase section */

/* Begin PBXVariantGroup section */
		286BE3B51CF4183F00F69E0A /* Main.storyboard */ = {
			isa = PBXVariantGroup;
			children = (
				286BE3B61CF4183F00F69E0A /* Base */,
			);
			name = Main.storyboard;
			sourceTree = "<group>";
		};
		286BE3BA1CF4183F00F69E0A /* LaunchScreen.storyboard */ = {
			isa = PBXVariantGroup;
			children = (
				286BE3BB1CF4183F00F69E0A /* Base */,
			);
			name = LaunchScreen.storyboard;
			sourceTree = "<group>";
		};
/* End PBXVariantGroup section */

/* Begin XCBuildConfiguration section */
		286BE3BE1CF4183F00F69E0A /* Debug */ = {
			isa = XCBuildConfiguration;
			buildSettings = {
				ALWAYS_SEARCH_USER_PATHS = NO;
				CLANG_ANALYZER_NONNULL = YES;
				CLANG_CXX_LANGUAGE_STANDARD = "gnu++0x";
				CLANG_CXX_LIBRARY = "libc++";
				CLANG_ENABLE_MODULES = YES;
				CLANG_ENABLE_OBJC_ARC = YES;
				CLANG_WARN_BOOL_CONVERSION = YES;
				CLANG_WARN_CONSTANT_CONVERSION = YES;
				CLANG_WARN_DIRECT_OBJC_ISA_USAGE = YES_ERROR;
				CLANG_WARN_EMPTY_BODY = YES;
				CLANG_WARN_ENUM_CONVERSION = YES;
				CLANG_WARN_INT_CONVERSION = YES;
				CLANG_WARN_OBJC_ROOT_CLASS = YES_ERROR;
				CLANG_WARN_UNREACHABLE_CODE = YES;
				CLANG_WARN__DUPLICATE_METHOD_MATCH = YES;
				"CODE_SIGN_IDENTITY[sdk=iphoneos*]" = "iPhone Developer";
				COPY_PHASE_STRIP = NO;
				DEBUG_INFORMATION_FORMAT = dwarf;
				ENABLE_STRICT_OBJC_MSGSEND = YES;
				ENABLE_TESTABILITY = YES;
				GCC_C_LANGUAGE_STANDARD = gnu99;
				GCC_DYNAMIC_NO_PIC = NO;
				GCC_NO_COMMON_BLOCKS = YES;
				GCC_OPTIMIZATION_LEVEL = 0;
				GCC_PREPROCESSOR_DEFINITIONS = (
					"DEBUG=1",
					"$(inherited)",
				);
				GCC_WARN_64_TO_32_BIT_CONVERSION = YES;
				GCC_WARN_ABOUT_RETURN_TYPE = YES_ERROR;
				GCC_WARN_UNDECLARED_SELECTOR = YES;
				GCC_WARN_UNINITIALIZED_AUTOS = YES_AGGRESSIVE;
				GCC_WARN_UNUSED_FUNCTION = YES;
				GCC_WARN_UNUSED_VARIABLE = YES;
				IPHONEOS_DEPLOYMENT_TARGET = 9.3;
				MTL_ENABLE_DEBUG_INFO = YES;
				ONLY_ACTIVE_ARCH = YES;
				SDKROOT = iphoneos;
				SWIFT_OPTIMIZATION_LEVEL = "-Onone";
				TARGETED_DEVICE_FAMILY = "1,2";
			};
			name = Debug;
		};
		286BE3BF1CF4183F00F69E0A /* Release */ = {
			isa = XCBuildConfiguration;
			buildSettings = {
				ALWAYS_SEARCH_USER_PATHS = NO;
				CLANG_ANALYZER_NONNULL = YES;
				CLANG_CXX_LANGUAGE_STANDARD = "gnu++0x";
				CLANG_CXX_LIBRARY = "libc++";
				CLANG_ENABLE_MODULES = YES;
				CLANG_ENABLE_OBJC_ARC = YES;
				CLANG_WARN_BOOL_CONVERSION = YES;
				CLANG_WARN_CONSTANT_CONVERSION = YES;
				CLANG_WARN_DIRECT_OBJC_ISA_USAGE = YES_ERROR;
				CLANG_WARN_EMPTY_BODY = YES;
				CLANG_WARN_ENUM_CONVERSION = YES;
				CLANG_WARN_INT_CONVERSION = YES;
				CLANG_WARN_OBJC_ROOT_CLASS = YES_ERROR;
				CLANG_WARN_UNREACHABLE_CODE = YES;
				CLANG_WARN__DUPLICATE_METHOD_MATCH = YES;
				"CODE_SIGN_IDENTITY[sdk=iphoneos*]" = "iPhone Developer";
				COPY_PHASE_STRIP = NO;
				DEBUG_INFORMATION_FORMAT = "dwarf-with-dsym";
				ENABLE_NS_ASSERTIONS = NO;
				ENABLE_STRICT_OBJC_MSGSEND = YES;
				GCC_C_LANGUAGE_STANDARD = gnu99;
				GCC_NO_COMMON_BLOCKS = YES;
				GCC_WARN_64_TO_32_BIT_CONVERSION = YES;
				GCC_WARN_ABOUT_RETURN_TYPE = YES_ERROR;
				GCC_WARN_UNDECLARED_SELECTOR = YES;
				GCC_WARN_UNINITIALIZED_AUTOS = YES_AGGRESSIVE;
				GCC_WARN_UNUSED_FUNCTION = YES;
				GCC_WARN_UNUSED_VARIABLE = YES;
				IPHONEOS_DEPLOYMENT_TARGET = 9.3;
				MTL_ENABLE_DEBUG_INFO = NO;
				SDKROOT = iphoneos;
				TARGETED_DEVICE_FAMILY = "1,2";
				VALIDATE_PRODUCT = YES;
			};
			name = Release;
		};
		286BE3C11CF4183F00F69E0A /* Debug */ = {
			isa = XCBuildConfiguration;
			buildSettings = {
				ASSETCATALOG_COMPILER_APPICON_NAME = AppIcon;
				INFOPLIST_FILE = TestSwift01/Info.plist;
				LD_RUNPATH_SEARCH_PATHS = "$(inherited) @executable_path/Frameworks";
				PRODUCT_BUNDLE_IDENTIFIER = com.superfun.TestSwift01;
				PRODUCT_NAME = "$(TARGET_NAME)";
			};
			name = Debug;
		};
		286BE3C21CF4183F00F69E0A /* Release */ = {
			isa = XCBuildConfiguration;
			buildSettings = {
				ASSETCATALOG_COMPILER_APPICON_NAME = AppIcon;
				INFOPLIST_FILE = TestSwift01/Info.plist;
				LD_RUNPATH_SEARCH_PATHS = "$(inherited) @executable_path/Frameworks";
				PRODUCT_BUNDLE_IDENTIFIER = com.superfun.TestSwift01;
				PRODUCT_NAME = "$(TARGET_NAME)";
			};
			name = Release;
		};
/* End XCBuildConfiguration section */

/* Begin XCConfigurationList section */
		286BE3A91CF4183F00F69E0A /* Build configuration list for PBXProject "TestSwift01" */ = {
			isa = XCConfigurationList;
			buildConfigurations = (
				286BE3BE1CF4183F00F69E0A /* Debug */,
				286BE3BF1CF4183F00F69E0A /* Release */,
			);
			defaultConfigurationIsVisible = 0;
			defaultConfigurationName = Release;
		};
		286BE3C01CF4183F00F69E0A /* Build configuration list for PBXNativeTarget "TestSwift01" */ = {
			isa = XCConfigurationList;
			buildConfigurations = (
				286BE3C11CF4183F00F69E0A /* Debug */,
				286BE3C21CF4183F00F69E0A /* Release */,
			);
			defaultConfigurationIsVisible = 0;
		};
/* End XCConfigurationList section */
	};
	rootObject = 286BE3A61CF4183F00F69E0A /* Project object */;
}
